
Microsoft Visual Studio Solution File, Format Version 12.00
# Visual Studio 15
VisualStudioVersion = 15.0.28307.645
MinimumVisualStudioVersion = 10.0.40219.1
Project("{FAE04EC0-301F-11D3-BF4B-00C04F79EFBC}") = "Treinamento.TesteAutomatizado", "Treinamento.TesteAutomatizado\Treinamento.TesteAutomatizado.csproj", "{6EB8AC52-B3D0-4752-AF33-9227BE420339}"
EndProject
Project("{FAE04EC0-301F-11D3-BF4B-00C04F79EFBC}") = "CaixaEletronico", "CaixaEletronico\CaixaEletronico.csproj", "{E30EB459-0F66-4639-97E1-875A1040DA2C}"
EndProject
Global
	GlobalSection(SolutionConfigurationPlatforms) = preSolution
		Debug|Any CPU = Debug|Any CPU
		Release|Any CPU = Release|Any CPU
	EndGlobalSection
	GlobalSection(ProjectConfigurationPlatforms) = postSolution
		{6EB8AC52-B3D0-4752-AF33-9227BE420339}.Debug|Any CPU.ActiveCfg = Debug|Any CPU
		{6EB8AC52-B3D0-4752-AF33-9227BE420339}.Debug|Any CPU.Build.0 = Debug|Any CPU
		{6EB8AC52-B3D0-4752-AF33-9227BE420339}.Release|Any CPU.ActiveCfg = Release|Any CPU
		{6EB8AC52-B3D0-4752-AF33-9227BE420339}.Release|Any CPU.Build.0 = Release|Any CPU
		{E30EB459-0F66-4639-97E1-875A1040DA2C}.Debug|Any CPU.ActiveCfg = Debug|Any CPU
		{E30EB459-0F66-4639-97E1-875A1040DA2C}.Debug|Any CPU.Build.0 = Debug|Any CPU
		{E30EB459-0F66-4639-97E1-875A1040DA2C}.Release|Any CPU.ActiveCfg = Release|Any CPU
		{E30EB459-0F66-4639-97E1-875A1040DA2C}.Release|Any CPU.Build.0 = Release|Any CPU
	EndGlobalSection
	GlobalSection(SolutionProperties) = preSolution
		HideSolutionNode = FALSE
	EndGlobalSection
	GlobalSection(ExtensibilityGlobals) = postSolution
		SolutionGuid = {4AB4126B-062E-4B72-A151-16453C5BF528}
	EndGlobalSection
EndGlobal
